
Microsoft Visual Studio Solution File, Format Version 12.00
# Visual Studio 15
VisualStudioVersion = 15.0.26403.7
MinimumVisualStudioVersion = 10.0.40219.1
Project("{FAE04EC0-301F-11D3-BF4B-00C04F79EFBC}") = "Sulimn", "Sulimn\Sulimn.csproj", "{07FB80B0-9E22-4771-A858-B22E12F9A93E}"
EndProject
Project("{FAE04EC0-301F-11D3-BF4B-00C04F79EFBC}") = "Extensions", "Extensions\Extensions.csproj", "{20F40385-5991-461C-9340-2F5DE0E320F4}"
EndProject
Global
	GlobalSection(SolutionConfigurationPlatforms) = preSolution
		Debug|Any CPU = Debug|Any CPU
		Release|Any CPU = Release|Any CPU
	EndGlobalSection
	GlobalSection(ProjectConfigurationPlatforms) = postSolution
		{07FB80B0-9E22-4771-A858-B22E12F9A93E}.Debug|Any CPU.ActiveCfg = Debug|Any CPU
		{07FB80B0-9E22-4771-A858-B22E12F9A93E}.Debug|Any CPU.Build.0 = Debug|Any CPU
		{07FB80B0-9E22-4771-A858-B22E12F9A93E}.Release|Any CPU.ActiveCfg = Release|Any CPU
		{07FB80B0-9E22-4771-A858-B22E12F9A93E}.Release|Any CPU.Build.0 = Release|Any CPU
		{20F40385-5991-461C-9340-2F5DE0E320F4}.Debug|Any CPU.ActiveCfg = Debug|Any CPU
		{20F40385-5991-461C-9340-2F5DE0E320F4}.Debug|Any CPU.Build.0 = Debug|Any CPU
		{20F40385-5991-461C-9340-2F5DE0E320F4}.Release|Any CPU.ActiveCfg = Release|Any CPU
		{20F40385-5991-461C-9340-2F5DE0E320F4}.Release|Any CPU.Build.0 = Release|Any CPU
	EndGlobalSection
	GlobalSection(SolutionProperties) = preSolution
		HideSolutionNode = FALSE
	EndGlobalSection
EndGlobal
